
Microsoft Visual Studio Solution File, Format Version 12.00
# Visual Studio 15
VisualStudioVersion = 15.0.28010.2026
MinimumVisualStudioVersion = 10.0.40219.1
Project("{FAE04EC0-301F-11D3-BF4B-00C04F79EFBC}") = "lab1TF", "lab1TF\lab1TF.csproj", "{D897C71A-6860-4961-853C-61F98D5176A7}"
EndProject
Global
	GlobalSection(SolutionConfigurationPlatforms) = preSolution
		Debug|Any CPU = Debug|Any CPU
		Release|Any CPU = Release|Any CPU
	EndGlobalSection
	GlobalSection(ProjectConfigurationPlatforms) = postSolution
		{D897C71A-6860-4961-853C-61F98D5176A7}.Debug|Any CPU.ActiveCfg = Debug|Any CPU
		{D897C71A-6860-4961-853C-61F98D5176A7}.Debug|Any CPU.Build.0 = Debug|Any CPU
		{D897C71A-6860-4961-853C-61F98D5176A7}.Release|Any CPU.ActiveCfg = Release|Any CPU
		{D897C71A-6860-4961-853C-61F98D5176A7}.Release|Any CPU.Build.0 = Release|Any CPU
	EndGlobalSection
	GlobalSection(SolutionProperties) = preSolution
		HideSolutionNode = FALSE
	EndGlobalSection
	GlobalSection(ExtensibilityGlobals) = postSolution
		SolutionGuid = {4F837364-E2BC-4A8D-B8EE-E221DD2CAAA3}
	EndGlobalSection
EndGlobal
